
Microsoft Visual Studio Solution File, Format Version 12.00
# Visual Studio 15
Project("{FAE04EC0-301F-11D3-BF4B-00C04F79EFBC}") = "Unity-Tetris", "Unity-Tetris.csproj", "{14268CE7-0DF3-7F5F-28AA-0DAEF538BE22}"
EndProject
Global
	GlobalSection(SolutionConfigurationPlatforms) = preSolution
		Debug|Any CPU = Debug|Any CPU
		Release|Any CPU = Release|Any CPU
	EndGlobalSection
	GlobalSection(ProjectConfigurationPlatforms) = postSolution
		{14268CE7-0DF3-7F5F-28AA-0DAEF538BE22}.Debug|Any CPU.ActiveCfg = Debug|Any CPU
		{14268CE7-0DF3-7F5F-28AA-0DAEF538BE22}.Debug|Any CPU.Build.0 = Debug|Any CPU
		{14268CE7-0DF3-7F5F-28AA-0DAEF538BE22}.Release|Any CPU.ActiveCfg = Release|Any CPU
		{14268CE7-0DF3-7F5F-28AA-0DAEF538BE22}.Release|Any CPU.Build.0 = Release|Any CPU
	EndGlobalSection
	GlobalSection(SolutionProperties) = preSolution
		HideSolutionNode = FALSE
	EndGlobalSection
EndGlobal
